// !$*UTF8*$!
{
	archiveVersion = 1;
	classes = {
	};
	objectVersion = 46;
	objects = {

/* Begin PBXBuildFile section */
		85310E171DE8839000EB9F9B /* AppDelegate.swift in Sources */ = {isa = PBXBuildFile; fileRef = 85310E161DE8839000EB9F9B /* AppDelegate.swift */; };
		85310E191DE8839000EB9F9B /* ViewController.swift in Sources */ = {isa = PBXBuildFile; fileRef = 85310E181DE8839000EB9F9B /* ViewController.swift */; };
		85310E1C1DE8839000EB9F9B /* Main.storyboard in Resources */ = {isa = PBXBuildFile; fileRef = 85310E1A1DE8839000EB9F9B /* Main.storyboard */; };
		85310E1E1DE8839000EB9F9B /* Assets.xcassets in Resources */ = {isa = PBXBuildFile; fileRef = 85310E1D1DE8839000EB9F9B /* Assets.xcassets */; };
		85310E211DE8839000EB9F9B /* LaunchScreen.storyboard in Resources */ = {isa = PBXBuildFile; fileRef = 85310E1F1DE8839000EB9F9B /* LaunchScreen.storyboard */; };
		85310E2C1DE8839000EB9F9B /* moodieTests.swift in Sources */ = {isa = PBXBuildFile; fileRef = 85310E2B1DE8839000EB9F9B /* moodieTests.swift */; };
		85310E371DE8839000EB9F9B /* moodieUITests.swift in Sources */ = {isa = PBXBuildFile; fileRef = 85310E361DE8839000EB9F9B /* moodieUITests.swift */; };
		85310E451DE884FB00EB9F9B /* Pregunta.swift in Sources */ = {isa = PBXBuildFile; fileRef = 85310E441DE884FB00EB9F9B /* Pregunta.swift */; };
/* End PBXBuildFile section */

/* Begin PBXContainerItemProxy section */
		85310E281DE8839000EB9F9B /* PBXContainerItemProxy */ = {
			isa = PBXContainerItemProxy;
			containerPortal = 85310E0B1DE8838F00EB9F9B /* Project object */;
			proxyType = 1;
			remoteGlobalIDString = 85310E121DE8838F00EB9F9B;
			remoteInfo = moodie;
		};
		85310E331DE8839000EB9F9B /* PBXContainerItemProxy */ = {
			isa = PBXContainerItemProxy;
			containerPortal = 85310E0B1DE8838F00EB9F9B /* Project object */;
			proxyType = 1;
			remoteGlobalIDString = 85310E121DE8838F00EB9F9B;
			remoteInfo = moodie;
		};
/* End PBXContainerItemProxy section */

/* Begin PBXFileReference section */
		85310E131DE8839000EB9F9B /* moodie.app */ = {isa = PBXFileReference; explicitFileType = wrapper.application; includeInIndex = 0; path = moodie.app; sourceTree = BUILT_PRODUCTS_DIR; };
		85310E161DE8839000EB9F9B /* AppDelegate.swift */ = {isa = PBXFileReference; lastKnownFileType = sourcecode.swift; path = AppDelegate.swift; sourceTree = "<group>"; };
		85310E181DE8839000EB9F9B /* ViewController.swift */ = {isa = PBXFileReference; lastKnownFileType = sourcecode.swift; path = ViewController.swift; sourceTree = "<group>"; };
		85310E1B1DE8839000EB9F9B /* Base */ = {isa = PBXFileReference; lastKnownFileType = file.storyboard; name = Base; path = Base.lproj/Main.storyboard; sourceTree = "<group>"; };
		85310E1D1DE8839000EB9F9B /* Assets.xcassets */ = {isa = PBXFileReference; lastKnownFileType = folder.assetcatalog; path = Assets.xcassets; sourceTree = "<group>"; };
		85310E201DE8839000EB9F9B /* Base */ = {isa = PBXFileReference; lastKnownFileType = file.storyboard; name = Base; path = Base.lproj/LaunchScreen.storyboard; sourceTree = "<group>"; };
		85310E221DE8839000EB9F9B /* Info.plist */ = {isa = PBXFileReference; lastKnownFileType = text.plist.xml; path = Info.plist; sourceTree = "<group>"; };
		85310E271DE8839000EB9F9B /* moodieTests.xctest */ = {isa = PBXFileReference; explicitFileType = wrapper.cfbundle; includeInIndex = 0; path = moodieTests.xctest; sourceTree = BUILT_PRODUCTS_DIR; };
		85310E2B1DE8839000EB9F9B /* moodieTests.swift */ = {isa = PBXFileReference; lastKnownFileType = sourcecode.swift; path = moodieTests.swift; sourceTree = "<group>"; };
		85310E2D1DE8839000EB9F9B /* Info.plist */ = {isa = PBXFileReference; lastKnownFileType = text.plist.xml; path = Info.plist; sourceTree = "<group>"; };
		85310E321DE8839000EB9F9B /* moodieUITests.xctest */ = {isa = PBXFileReference; explicitFileType = wrapper.cfbundle; includeInIndex = 0; path = moodieUITests.xctest; sourceTree = BUILT_PRODUCTS_DIR; };
		85310E361DE8839000EB9F9B /* moodieUITests.swift */ = {isa = PBXFileReference; lastKnownFileType = sourcecode.swift; path = moodieUITests.swift; sourceTree = "<group>"; };
		85310E381DE8839000EB9F9B /* Info.plist */ = {isa = PBXFileReference; lastKnownFileType = text.plist.xml; path = Info.plist; sourceTree = "<group>"; };
		85310E441DE884FB00EB9F9B /* Pregunta.swift */ = {isa = PBXFileReference; fileEncoding = 4; lastKnownFileType = sourcecode.swift; path = Pregunta.swift; sourceTree = "<group>"; };
/* End PBXFileReference section */

/* Begin PBXFrameworksBuildPhase section */
		85310E101DE8838F00EB9F9B /* Frameworks */ = {
			isa = PBXFrameworksBuildPhase;
			buildActionMask = 2147483647;
			files = (
			);
			runOnlyForDeploymentPostprocessing = 0;
		};
		85310E241DE8839000EB9F9B /* Frameworks */ = {
			isa = PBXFrameworksBuildPhase;
			buildActionMask = 2147483647;
			files = (
			);
			runOnlyForDeploymentPostprocessing = 0;
		};
		85310E2F1DE8839000EB9F9B /* Frameworks */ = {
			isa = PBXFrameworksBuildPhase;
			buildActionMask = 2147483647;
			files = (
			);
			runOnlyForDeploymentPostprocessing = 0;
		};
/* End PBXFrameworksBuildPhase section */

/* Begin PBXGroup section */
		85310E0A1DE8838F00EB9F9B = {
			isa = PBXGroup;
			children = (
				85310E441DE884FB00EB9F9B /* Pregunta.swift */,
				85310E151DE8839000EB9F9B /* moodie */,
				85310E2A1DE8839000EB9F9B /* moodieTests */,
				85310E351DE8839000EB9F9B /* moodieUITests */,
				85310E141DE8839000EB9F9B /* Products */,
			);
			sourceTree = "<group>";
		};
		85310E141DE8839000EB9F9B /* Products */ = {
			isa = PBXGroup;
			children = (
				85310E131DE8839000EB9F9B /* moodie.app */,
				85310E271DE8839000EB9F9B /* moodieTests.xctest */,
				85310E321DE8839000EB9F9B /* moodieUITests.xctest */,
			);
			name = Products;
			sourceTree = "<group>";
		};
		85310E151DE8839000EB9F9B /* moodie */ = {
			isa = PBXGroup;
			children = (
				85310E161DE8839000EB9F9B /* AppDelegate.swift */,
				85310E181DE8839000EB9F9B /* ViewController.swift */,
				85310E1A1DE8839000EB9F9B /* Main.storyboard */,
				85310E1D1DE8839000EB9F9B /* Assets.xcassets */,
				85310E1F1DE8839000EB9F9B /* LaunchScreen.storyboard */,
				85310E221DE8839000EB9F9B /* Info.plist */,
			);
			path = moodie;
			sourceTree = "<group>";
		};
		85310E2A1DE8839000EB9F9B /* moodieTests */ = {
			isa = PBXGroup;
			children = (
				85310E2B1DE8839000EB9F9B /* moodieTests.swift */,
				85310E2D1DE8839000EB9F9B /* Info.plist */,
			);
			path = moodieTests;
			sourceTree = "<group>";
		};
		85310E351DE8839000EB9F9B /* moodieUITests */ = {
			isa = PBXGroup;
			children = (
				85310E361DE8839000EB9F9B /* moodieUITests.swift */,
				85310E381DE8839000EB9F9B /* Info.plist */,
			);
			path = moodieUITests;
			sourceTree = "<group>";
		};
/* End PBXGroup section */

/* Begin PBXNativeTarget section */
		85310E121DE8838F00EB9F9B /* moodie */ = {
			isa = PBXNativeTarget;
			buildConfigurationList = 85310E3B1DE8839000EB9F9B /* Build configuration list for PBXNativeTarget "moodie" */;
			buildPhases = (
				85310E0F1DE8838F00EB9F9B /* Sources */,
				85310E101DE8838F00EB9F9B /* Frameworks */,
				85310E111DE8838F00EB9F9B /* Resources */,
			);
			buildRules = (
			);
			dependencies = (
			);
			name = moodie;
			productName = moodie;
			productReference = 85310E131DE8839000EB9F9B /* moodie.app */;
			productType = "com.apple.product-type.application";
		};
		85310E261DE8839000EB9F9B /* moodieTests */ = {
			isa = PBXNativeTarget;
			buildConfigurationList = 85310E3E1DE8839000EB9F9B /* Build configuration list for PBXNativeTarget "moodieTests" */;
			buildPhases = (
				85310E231DE8839000EB9F9B /* Sources */,
				85310E241DE8839000EB9F9B /* Frameworks */,
				85310E251DE8839000EB9F9B /* Resources */,
			);
			buildRules = (
			);
			dependencies = (
				85310E291DE8839000EB9F9B /* PBXTargetDependency */,
			);
			name = moodieTests;
			productName = moodieTests;
			productReference = 85310E271DE8839000EB9F9B /* moodieTests.xctest */;
			productType = "com.apple.product-type.bundle.unit-test";
		};
		85310E311DE8839000EB9F9B /* moodieUITests */ = {
			isa = PBXNativeTarget;
			buildConfigurationList = 85310E411DE8839000EB9F9B /* Build configuration list for PBXNativeTarget "moodieUITests" */;
			buildPhases = (
				85310E2E1DE8839000EB9F9B /* Sources */,
				85310E2F1DE8839000EB9F9B /* Frameworks */,
				85310E301DE8839000EB9F9B /* Resources */,
			);
			buildRules = (
			);
			dependencies = (
				85310E341DE8839000EB9F9B /* PBXTargetDependency */,
			);
			name = moodieUITests;
			productName = moodieUITests;
			productReference = 85310E321DE8839000EB9F9B /* moodieUITests.xctest */;
			productType = "com.apple.product-type.bundle.ui-testing";
		};
/* End PBXNativeTarget section */

/* Begin PBXProject section */
		85310E0B1DE8838F00EB9F9B /* Project object */ = {
			isa = PBXProject;
			attributes = {
				LastSwiftUpdateCheck = 0730;
				LastUpgradeCheck = 0730;
				ORGANIZATIONNAME = Maestro;
				TargetAttributes = {
					85310E121DE8838F00EB9F9B = {
						CreatedOnToolsVersion = 7.3.1;
					};
					85310E261DE8839000EB9F9B = {
						CreatedOnToolsVersion = 7.3.1;
						TestTargetID = 85310E121DE8838F00EB9F9B;
					};
					85310E311DE8839000EB9F9B = {
						CreatedOnToolsVersion = 7.3.1;
						TestTargetID = 85310E121DE8838F00EB9F9B;
					};
				};
			};
			buildConfigurationList = 85310E0E1DE8838F00EB9F9B /* Build configuration list for PBXProject "moodie" */;
			compatibilityVersion = "Xcode 3.2";
			developmentRegion = English;
			hasScannedForEncodings = 0;
			knownRegions = (
				en,
				Base,
			);
			mainGroup = 85310E0A1DE8838F00EB9F9B;
			productRefGroup = 85310E141DE8839000EB9F9B /* Products */;
			projectDirPath = "";
			projectRoot = "";
			targets = (
				85310E121DE8838F00EB9F9B /* moodie */,
				85310E261DE8839000EB9F9B /* moodieTests */,
				85310E311DE8839000EB9F9B /* moodieUITests */,
			);
		};
/* End PBXProject section */

/* Begin PBXResourcesBuildPhase section */
		85310E111DE8838F00EB9F9B /* Resources */ = {
			isa = PBXResourcesBuildPhase;
			buildActionMask = 2147483647;
			files = (
				85310E211DE8839000EB9F9B /* LaunchScreen.storyboard in Resources */,
				85310E1E1DE8839000EB9F9B /* Assets.xcassets in Resources */,
				85310E1C1DE8839000EB9F9B /* Main.storyboard in Resources */,
			);
			runOnlyForDeploymentPostprocessing = 0;
		};
		85310E251DE8839000EB9F9B /* Resources */ = {
			isa = PBXResourcesBuildPhase;
			buildActionMask = 2147483647;
			files = (
			);
			runOnlyForDeploymentPostprocessing = 0;
		};
		85310E301DE8839000EB9F9B /* Resources */ = {
			isa = PBXResourcesBuildPhase;
			buildActionMask = 2147483647;
			files = (
			);
			runOnlyForDeploymentPostprocessing = 0;
		};
/* End PBXResourcesBuildPhase section */

/* Begin PBXSourcesBuildPhase section */
		85310E0F1DE8838F00EB9F9B /* Sources */ = {
			isa = PBXSourcesBuildPhase;
			buildActionMask = 2147483647;
			files = (
				85310E191DE8839000EB9F9B /* ViewController.swift in Sources */,
				85310E451DE884FB00EB9F9B /* Pregunta.swift in Sources */,
				85310E171DE8839000EB9F9B /* AppDelegate.swift in Sources */,
			);
			runOnlyForDeploymentPostprocessing = 0;
		};
		85310E231DE8839000EB9F9B /* Sources */ = {
			isa = PBXSourcesBuildPhase;
			buildActionMask = 2147483647;
			files = (
				85310E2C1DE8839000EB9F9B /* moodieTests.swift in Sources */,
			);
			runOnlyForDeploymentPostprocessing = 0;
		};
		85310E2E1DE8839000EB9F9B /* Sources */ = {
			isa = PBXSourcesBuildPhase;
			buildActionMask = 2147483647;
			files = (
				85310E371DE8839000EB9F9B /* moodieUITests.swift in Sources */,
			);
			runOnlyForDeploymentPostprocessing = 0;
		};
/* End PBXSourcesBuildPhase section */

/* Begin PBXTargetDependency section */
		85310E291DE8839000EB9F9B /* PBXTargetDependency */ = {
			isa = PBXTargetDependency;
			target = 85310E121DE8838F00EB9F9B /* moodie */;
			targetProxy = 85310E281DE8839000EB9F9B /* PBXContainerItemProxy */;
		};
		85310E341DE8839000EB9F9B /* PBXTargetDependency */ = {
			isa = PBXTargetDependency;
			target = 85310E121DE8838F00EB9F9B /* moodie */;
			targetProxy = 85310E331DE8839000EB9F9B /* PBXContainerItemProxy */;
		};
/* End PBXTargetDependency section */

/* Begin PBXVariantGroup section */
		85310E1A1DE8839000EB9F9B /* Main.storyboard */ = {
			isa = PBXVariantGroup;
			children = (
				85310E1B1DE8839000EB9F9B /* Base */,
			);
			name = Main.storyboard;
			sourceTree = "<group>";
		};
		85310E1F1DE8839000EB9F9B /* LaunchScreen.storyboard */ = {
			isa = PBXVariantGroup;
			children = (
				85310E201DE8839000EB9F9B /* Base */,
			);
			name = LaunchScreen.storyboard;
			sourceTree = "<group>";
		};
/* End PBXVariantGroup section */

/* Begin XCBuildConfiguration section */
		85310E391DE8839000EB9F9B /* Debug */ = {
			isa = XCBuildConfiguration;
			buildSettings = {
				ALWAYS_SEARCH_USER_PATHS = NO;
				CLANG_ANALYZER_NONNULL = YES;
				CLANG_CXX_LANGUAGE_STANDARD = "gnu++0x";
				CLANG_CXX_LIBRARY = "libc++";
				CLANG_ENABLE_MODULES = YES;
				CLANG_ENABLE_OBJC_ARC = YES;
				CLANG_WARN_BOOL_CONVERSION = YES;
				CLANG_WARN_CONSTANT_CONVERSION = YES;
				CLANG_WARN_DIRECT_OBJC_ISA_USAGE = YES_ERROR;
				CLANG_WARN_EMPTY_BODY = YES;
				CLANG_WARN_ENUM_CONVERSION = YES;
				CLANG_WARN_INT_CONVERSION = YES;
				CLANG_WARN_OBJC_ROOT_CLASS = YES_ERROR;
				CLANG_WARN_UNREACHABLE_CODE = YES;
				CLANG_WARN__DUPLICATE_METHOD_MATCH = YES;
				"CODE_SIGN_IDENTITY[sdk=iphoneos*]" = "iPhone Developer";
				COPY_PHASE_STRIP = NO;
				DEBUG_INFORMATION_FORMAT = dwarf;
				ENABLE_STRICT_OBJC_MSGSEND = YES;
				ENABLE_TESTABILITY = YES;
				GCC_C_LANGUAGE_STANDARD = gnu99;
				GCC_DYNAMIC_NO_PIC = NO;
				GCC_NO_COMMON_BLOCKS = YES;
				GCC_OPTIMIZATION_LEVEL = 0;
				GCC_PREPROCESSOR_DEFINITIONS = (
					"DEBUG=1",
					"$(inherited)",
				);
				GCC_WARN_64_TO_32_BIT_CONVERSION = YES;
				GCC_WARN_ABOUT_RETURN_TYPE = YES_ERROR;
				GCC_WARN_UNDECLARED_SELECTOR = YES;
				GCC_WARN_UNINITIALIZED_AUTOS = YES_AGGRESSIVE;
				GCC_WARN_UNUSED_FUNCTION = YES;
				GCC_WARN_UNUSED_VARIABLE = YES;
				IPHONEOS_DEPLOYMENT_TARGET = 9.3;
				MTL_ENABLE_DEBUG_INFO = YES;
				ONLY_ACTIVE_ARCH = YES;
				SDKROOT = iphoneos;
				SWIFT_OPTIMIZATION_LEVEL = "-Onone";
				TARGETED_DEVICE_FAMILY = "1,2";
			};
			name = Debug;
		};
		85310E3A1DE8839000EB9F9B /* Release */ = {
			isa = XCBuildConfiguration;
			buildSettings = {
				ALWAYS_SEARCH_USER_PATHS = NO;
				CLANG_ANALYZER_NONNULL = YES;
				CLANG_CXX_LANGUAGE_STANDARD = "gnu++0x";
				CLANG_CXX_LIBRARY = "libc++";
				CLANG_ENABLE_MODULES = YES;
				CLANG_ENABLE_OBJC_ARC = YES;
				CLANG_WARN_BOOL_CONVERSION = YES;
				CLANG_WARN_CONSTANT_CONVERSION = YES;
				CLANG_WARN_DIRECT_OBJC_ISA_USAGE = YES_ERROR;
				CLANG_WARN_EMPTY_BODY = YES;
				CLANG_WARN_ENUM_CONVERSION = YES;
				CLANG_WARN_INT_CONVERSION = YES;
				CLANG_WARN_OBJC_ROOT_CLASS = YES_ERROR;
				CLANG_WARN_UNREACHABLE_CODE = YES;
				CLANG_WARN__DUPLICATE_METHOD_MATCH = YES;
				"CODE_SIGN_IDENTITY[sdk=iphoneos*]" = "iPhone Developer";
				COPY_PHASE_STRIP = NO;
				DEBUG_INFORMATION_FORMAT = "dwarf-with-dsym";
				ENABLE_NS_ASSERTIONS = NO;
				ENABLE_STRICT_OBJC_MSGSEND = YES;
				GCC_C_LANGUAGE_STANDARD = gnu99;
				GCC_NO_COMMON_BLOCKS = YES;
				GCC_WARN_64_TO_32_BIT_CONVERSION = YES;
				GCC_WARN_ABOUT_RETURN_TYPE = YES_ERROR;
				GCC_WARN_UNDECLARED_SELECTOR = YES;
				GCC_WARN_UNINITIALIZED_AUTOS = YES_AGGRESSIVE;
				GCC_WARN_UNUSED_FUNCTION = YES;
				GCC_WARN_UNUSED_VARIABLE = YES;
				IPHONEOS_DEPLOYMENT_TARGET = 9.3;
				MTL_ENABLE_DEBUG_INFO = NO;
				SDKROOT = iphoneos;
				TARGETED_DEVICE_FAMILY = "1,2";
				VALIDATE_PRODUCT = YES;
			};
			name = Release;
		};
		85310E3C1DE8839000EB9F9B /* Debug */ = {
			isa = XCBuildConfiguration;
			buildSettings = {
				ASSETCATALOG_COMPILER_APPICON_NAME = AppIcon;
				INFOPLIST_FILE = moodie/Info.plist;
				LD_RUNPATH_SEARCH_PATHS = "$(inherited) @executable_path/Frameworks";
				PRODUCT_BUNDLE_IDENTIFIER = dreamteamCo.moodie;
				PRODUCT_NAME = "$(TARGET_NAME)";
			};
			name = Debug;
		};
		85310E3D1DE8839000EB9F9B /* Release */ = {
			isa = XCBuildConfiguration;
			buildSettings = {
				ASSETCATALOG_COMPILER_APPICON_NAME = AppIcon;
				INFOPLIST_FILE = moodie/Info.plist;
				LD_RUNPATH_SEARCH_PATHS = "$(inherited) @executable_path/Frameworks";
				PRODUCT_BUNDLE_IDENTIFIER = dreamteamCo.moodie;
				PRODUCT_NAME = "$(TARGET_NAME)";
			};
			name = Release;
		};
		85310E3F1DE8839000EB9F9B /* Debug */ = {
			isa = XCBuildConfiguration;
			buildSettings = {
				BUNDLE_LOADER = "$(TEST_HOST)";
				INFOPLIST_FILE = moodieTests/Info.plist;
				LD_RUNPATH_SEARCH_PATHS = "$(inherited) @executable_path/Frameworks @loader_path/Frameworks";
				PRODUCT_BUNDLE_IDENTIFIER = dreamteamCo.moodieTests;
				PRODUCT_NAME = "$(TARGET_NAME)";
				TEST_HOST = "$(BUILT_PRODUCTS_DIR)/moodie.app/moodie";
			};
			name = Debug;
		};
		85310E401DE8839000EB9F9B /* Release */ = {
			isa = XCBuildConfiguration;
			buildSettings = {
				BUNDLE_LOADER = "$(TEST_HOST)";
				INFOPLIST_FILE = moodieTests/Info.plist;
				LD_RUNPATH_SEARCH_PATHS = "$(inherited) @executable_path/Frameworks @loader_path/Frameworks";
				PRODUCT_BUNDLE_IDENTIFIER = dreamteamCo.moodieTests;
				PRODUCT_NAME = "$(TARGET_NAME)";
				TEST_HOST = "$(BUILT_PRODUCTS_DIR)/moodie.app/moodie";
			};
			name = Release;
		};
		85310E421DE8839000EB9F9B /* Debug */ = {
			isa = XCBuildConfiguration;
			buildSettings = {
				INFOPLIST_FILE = moodieUITests/Info.plist;
				LD_RUNPATH_SEARCH_PATHS = "$(inherited) @executable_path/Frameworks @loader_path/Frameworks";
				PRODUCT_BUNDLE_IDENTIFIER = dreamteamCo.moodieUITests;
				PRODUCT_NAME = "$(TARGET_NAME)";
				TEST_TARGET_NAME = moodie;
			};
			name = Debug;
		};
		85310E431DE8839000EB9F9B /* Release */ = {
			isa = XCBuildConfiguration;
			buildSettings = {
				INFOPLIST_FILE = moodieUITests/Info.plist;
				LD_RUNPATH_SEARCH_PATHS = "$(inherited) @executable_path/Frameworks @loader_path/Frameworks";
				PRODUCT_BUNDLE_IDENTIFIER = dreamteamCo.moodieUITests;
				PRODUCT_NAME = "$(TARGET_NAME)";
				TEST_TARGET_NAME = moodie;
			};
			name = Release;
		};
/* End XCBuildConfiguration section */

/* Begin XCConfigurationList section */
		85310E0E1DE8838F00EB9F9B /* Build configuration list for PBXProject "moodie" */ = {
			isa = XCConfigurationList;
			buildConfigurations = (
				85310E391DE8839000EB9F9B /* Debug */,
				85310E3A1DE8839000EB9F9B /* Release */,
			);
			defaultConfigurationIsVisible = 0;
			defaultConfigurationName = Release;
		};
		85310E3B1DE8839000EB9F9B /* Build configuration list for PBXNativeTarget "moodie" */ = {
			isa = XCConfigurationList;
			buildConfigurations = (
				85310E3C1DE8839000EB9F9B /* Debug */,
				85310E3D1DE8839000EB9F9B /* Release */,
			);
			defaultConfigurationIsVisible = 0;
		};
		85310E3E1DE8839000EB9F9B /* Build configuration list for PBXNativeTarget "moodieTests" */ = {
			isa = XCConfigurationList;
			buildConfigurations = (
				85310E3F1DE8839000EB9F9B /* Debug */,
				85310E401DE8839000EB9F9B /* Release */,
			);
			defaultConfigurationIsVisible = 0;
		};
		85310E411DE8839000EB9F9B /* Build configuration list for PBXNativeTarget "moodieUITests" */ = {
			isa = XCConfigurationList;
			buildConfigurations = (
				85310E421DE8839000EB9F9B /* Debug */,
				85310E431DE8839000EB9F9B /* Release */,
			);
			defaultConfigurationIsVisible = 0;
		};
/* End XCConfigurationList section */
	};
	rootObject = 85310E0B1DE8838F00EB9F9B /* Project object */;
}
